{
  "lockfileVersion": 1,
  "configVersion": 1,
  "workspaces": {
    "": {
      "name": "nusm-devtools-example",
      "dependencies": {
        "@tanstack/devtools": "^0.12.5",
        "@tanstack/devtools-utils": "^0.6.0",
        "@tanstack/react-devtools": "^0.10.8",
        "lucide-react": "^1.28.0",
        "nusm": "file:../src",
        "react": "^19.2.8",
        "react-dom": "^19.2.8",
      },
      "devDependencies": {
        "@happy-dom/global-registrator": "^20.11.1",
        "@testing-library/jest-dom": "^7.0.0",
        "@testing-library/react": "^16.3.2",
        "@types/bun": "^1.3.14",
        "@types/react": "^19.2.18",
        "@types/react-dom": "^19.2.4",
        "fake-indexeddb": "^6.2.5",
      },
    },
  },
  "packages": {
    "@adobe/css-tools": ["@adobe/css-tools@4.5.0", "", {}, "sha512-6OzddxPio9UiWTCemp4N8cYLV2ZN1ncRnV1cVGtve7dhPOtRkleRyx32GQCYSwDYgaHU3USMm84tNsvKzRCa1Q=="],

    "@babel/code-frame": ["@babel/code-frame@7.29.7", "", { "dependencies": { "@babel/helper-validator-identifier": "^7.29.7", "js-tokens": "^4.0.0", "picocolors": "^1.1.1" } }, "sha512-Aup7aUOfpbAUg2ROOJN6Iw5f9DMBlzu0mIkm/malLQFN/YQgO48wCj0Kxa3sEHJvPVFg7siR+qRInwXd2qhQKw=="],

    "@babel/helper-validator-identifier": ["@babel/helper-validator-identifier@7.29.7", "", {}, "sha512-qehxGkRj55h/ff8EMaJ+cYhyaKlHIxqYDn682wQD7RNp9UujOQsHog2uS0r2vzr4pW+sXf90NeeayjcNaX3fFg=="],

    "@babel/runtime": ["@babel/runtime@7.29.7", "", {}, "sha512-Nq8OhGWiZIZGV6hLHoyAKLLcJihP/xFeBMGJoUrxTX2psI8dCifzLhZISFb+VWS3wFMRDmCGw5R+dOySCqPLhw=="],

    "@fastify/deepmerge": ["@fastify/deepmerge@3.2.1", "", {}, "sha512-N5Oqvltoa2r9z1tbx4xjky0oRR60v+T47Ic4J1ukoVQcptLOrIdRnCSdTGmOmajZuHVKlTnfcmrjyqsGEW1ztA=="],

    "@happy-dom/global-registrator": ["@happy-dom/global-registrator@20.11.1", "", { "dependencies": { "@types/node": ">=20.0.0", "happy-dom": "^20.11.1" } }, "sha512-1C0wwHiyMlEdsbrJqff5ORE2PwaXBOam5rMqkZVOReAezd5nt6Tl/WGg28UAo75Ziuwchs0KaF8lvnn2oAtvJA=="],

    "@solid-primitives/event-listener": ["@solid-primitives/event-listener@2.4.6", "", { "dependencies": { "@solid-primitives/utils": "^6.4.1" }, "peerDependencies": { "solid-js": "^1.6.12" } }, "sha512-5I0YJcTVYIWoMmgBSROBZGcz+ymhew/pGTg2dHW74BUjFKsV8Li4bOZYl0YAGP4mHw5o4UBd9/BEesqBci3wxw=="],

    "@solid-primitives/keyboard": ["@solid-primitives/keyboard@1.3.7", "", { "dependencies": { "@solid-primitives/event-listener": "^2.4.6", "@solid-primitives/rootless": "^1.5.4", "@solid-primitives/utils": "^6.4.1" }, "peerDependencies": { "solid-js": "^1.6.12" } }, "sha512-558RPNYnXx4nGh537DSqAn4xMrC8iFipl/5+xzgzWoTNFst4RnUN3BOLmtDjJ0UGGoQXVMALYR3bNOHM0xnt1Q=="],

    "@solid-primitives/resize-observer": ["@solid-primitives/resize-observer@2.2.0", "", { "dependencies": { "@solid-primitives/event-listener": "^2.4.6", "@solid-primitives/rootless": "^1.5.4", "@solid-primitives/static-store": "^0.1.4", "@solid-primitives/utils": "^6.4.1" }, "peerDependencies": { "solid-js": "^1.6.12" } }, "sha512-9Fuu/EWBeGj+atGHRJp70HKhdfalmpjwxY8a32NZixdLNmfCJ45AfhLQNr6uOzETbbiMx4iCKlTrJ8KZCHC2Ww=="],

    "@solid-primitives/rootless": ["@solid-primitives/rootless@1.5.4", "", { "dependencies": { "@solid-primitives/utils": "^6.4.1" }, "peerDependencies": { "solid-js": "^1.6.12" } }, "sha512-TOIZa1VUfVJ+9nkCcRajw3U4t9vBOP1HxX1WHNTbXq32mXwlqTvUnC4CRIilohcryBkT9u2ZkhUDSHRTaGp55g=="],

    "@solid-primitives/static-store": ["@solid-primitives/static-store@0.1.4", "", { "dependencies": { "@solid-primitives/utils": "^6.4.1" }, "peerDependencies": { "solid-js": "^1.6.12" } }, "sha512-LgtVaVBtB7EbmS4+M0b8xY5Iq6pUWXBsIC4VgtrFKDGDdyCaDt88sHk0fUlx1Enxm/XZnZyLXJABRoa39RjJqA=="],

    "@solid-primitives/utils": ["@solid-primitives/utils@6.4.1", "", { "peerDependencies": { "solid-js": "^1.6.12" } }, "sha512-ISSB5QX1qP2ynrheIpYwc4oKR5Ny4siNuUyf1qZniy+Il+p/PtDB0QK1Dnle8noiHpwRD3gpPdubOC3qI/Zamg=="],

    "@tanstack/devtools": ["@tanstack/devtools@0.12.5", "", { "dependencies": { "@solid-primitives/event-listener": "^2.4.3", "@solid-primitives/keyboard": "^1.3.3", "@solid-primitives/resize-observer": "^2.1.3", "@tanstack/devtools-client": "0.0.8", "@tanstack/devtools-event-bus": "0.4.2", "@tanstack/devtools-ui": "0.6.0", "clsx": "^2.1.1", "goober": "^2.1.16", "solid-js": "^1.9.9" }, "bin": { "intent": "./bin/intent.js" } }, "sha512-JdxTSeVdjJheycgz4c7qbldNKDCEDWlWr1l9dZBhd9sOmRBT5Z70ka9Eb8mb+FUnalcOIB62IDSR/iSxAIUD8Q=="],

    "@tanstack/devtools-client": ["@tanstack/devtools-client@0.0.8", "", { "dependencies": { "@tanstack/devtools-event-client": "^0.5.0" } }, "sha512-cG3iZkGWCwN330bLBKa8+9r4Of2AXNoz2zUqcsy/4XsD3105ghVBx78cGyvJj9fSclNomPxoqAnDGXXhg1WLvA=="],

    "@tanstack/devtools-event-bus": ["@tanstack/devtools-event-bus@0.4.2", "", { "dependencies": { "ws": "^8.18.3" } }, "sha512-2LHzhwBFlKHCcklsQrGe8TeyjHd4XAF8nuCO6wHmva5fePUkJUULbu6CsCNAlGlCi0KkEsMXZSvRdR4HgMq4yA=="],

    "@tanstack/devtools-event-client": ["@tanstack/devtools-event-client@0.5.0", "", { "bin": { "intent": "./bin/intent.js" } }, "sha512-H+OH3zC6Vhu/K0NaVfQKknEKawc/+2PT+D3SB3Ox0V8SiMlTo0abbmH2rH0721R2aNYbjdMXA1oENOd8E2UVoA=="],

    "@tanstack/devtools-ui": ["@tanstack/devtools-ui@0.6.0", "", { "dependencies": { "clsx": "^2.1.1", "dayjs": "^1.11.19", "goober": "^2.1.16", "solid-js": "^1.9.9" } }, "sha512-CVaM6rT6Nl5ijo83vJYFa2SjofvpuOl/uOvbYGhBrRgUhhelNHhx8zZX+hnZCHmIr0/lzM65hsocnZ72592Rvg=="],

    "@tanstack/devtools-utils": ["@tanstack/devtools-utils@0.6.0", "", { "peerDependencies": { "@angular/core": ">=19.0.0", "@types/react": ">=17.0.0", "preact": ">=10.0.0", "react": ">=17.0.0", "solid-js": ">=1.9.7", "svelte": ">=5.0.0", "vue": ">=3.2.0" }, "optionalPeers": ["@angular/core", "@types/react", "preact", "react", "solid-js", "svelte", "vue"], "bin": { "intent": "./bin/intent.js" } }, "sha512-ebYkWwe/OqzkgQzqGlJ5fyjaNX/CSBKluGOAW9KvhKeAM6+/kQ7+BQGqWQUnXE5CQ6pjtjyyLkYBEQ2vmctaug=="],

    "@tanstack/pacer": ["@tanstack/pacer@0.21.1", "", { "dependencies": { "@tanstack/devtools-event-client": "^0.4.3", "@tanstack/store": "^0.11.0" } }, "sha512-hB01dd4rlsYcTCNP7wK186jgAe6K5qimgM1Y5Jtvz+9PUaILvpmeLLjmQNUNSO1l23lIt+CeQR6mO1mjlPvRtQ=="],

    "@tanstack/react-devtools": ["@tanstack/react-devtools@0.10.8", "", { "dependencies": { "@tanstack/devtools": "0.12.5" }, "peerDependencies": { "@types/react": ">=16.8", "@types/react-dom": ">=16.8", "react": ">=16.8", "react-dom": ">=16.8" } }, "sha512-YJV6YttQf9lhhPbPBLULgy1eScEvJUMsCS26mjg9hfBKgAJQA5sF9zvzorDzW9Ob6o/asoXikO81JnRUVuFX0Q=="],

    "@tanstack/store": ["@tanstack/store@0.11.0", "", {}, "sha512-WlzzCt3xi0G6pCAJu1U+2jiECwabETDpQDi3hfkFZvJii9AuZqEKbOiVarX1/bWhTNjU486yQtJCCasi/0q+Cw=="],

    "@testing-library/dom": ["@testing-library/dom@10.4.1", "", { "dependencies": { "@babel/code-frame": "^7.10.4", "@babel/runtime": "^7.12.5", "@types/aria-query": "^5.0.1", "aria-query": "5.3.0", "dom-accessibility-api": "^0.5.9", "lz-string": "^1.5.0", "picocolors": "1.1.1", "pretty-format": "^27.0.2" } }, "sha512-o4PXJQidqJl82ckFaXUeoAW+XysPLauYI43Abki5hABd853iMhitooc6znOnczgbTYmEP6U6/y1ZyKAIsvMKGg=="],

    "@testing-library/jest-dom": ["@testing-library/jest-dom@7.0.0", "", { "dependencies": { "@adobe/css-tools": "^4.4.0", "aria-query": "^5.0.0", "css.escape": "^1.5.1", "dom-accessibility-api": "^0.6.3", "picocolors": "^1.1.1", "redent": "^3.0.0" }, "peerDependencies": { "@testing-library/dom": ">=10 <11" } }, "sha512-HKAH9C6mBo5yBG6yRO5i43L2iisencAo5z+o5P/saHUoY+miC5ivXRxHBJcFyB5ypPNxHJdK3BoF/3O4DIptMg=="],

    "@testing-library/react": ["@testing-library/react@16.3.2", "", { "dependencies": { "@babel/runtime": "^7.12.5" }, "peerDependencies": { "@testing-library/dom": "^10.0.0", "@types/react": "^18.0.0 || ^19.0.0", "@types/react-dom": "^18.0.0 || ^19.0.0", "react": "^18.0.0 || ^19.0.0", "react-dom": "^18.0.0 || ^19.0.0" }, "optionalPeers": ["@types/react", "@types/react-dom"] }, "sha512-XU5/SytQM+ykqMnAnvB2umaJNIOsLF3PVv//1Ew4CTcpz0/BRyy/af40qqrt7SjKpDdT1saBMc42CUok5gaw+g=="],

    "@types/aria-query": ["@types/aria-query@5.0.4", "", {}, "sha512-rfT93uj5s0PRL7EzccGMs3brplhcrghnDoV26NqKhCAS1hVo+WdNsPvE/yb6ilfr5hi2MEk6d5EWJTKdxg8jVw=="],

    "@types/bun": ["@types/bun@1.3.14", "", { "dependencies": { "bun-types": "1.3.14" } }, "sha512-h1hFqFVcvAvD9j9K7ZW7vd82aSA+rTdznZa+5bwvCwqSB1jmmfLcbIWhOLx1/+boy/xmjgCs/OMUL8hRJSmnPw=="],

    "@types/node": ["@types/node@26.1.1", "", { "dependencies": { "undici-types": "~8.3.0" } }, "sha512-nxAkRSVkN1Y0JC1W8ky/fTfkGsMmcrRsbx+3XoZE+rMOX71kLYTV7fLXpqud1GpbpP5TuffXFqfX7fH2GgZREw=="],

    "@types/react": ["@types/react@19.2.18", "", { "dependencies": { "csstype": "^3.2.2" } }, "sha512-AnzbBERsrLKtk2XSfTbYRLjQPdy116Sty4q+T+Bp3IC4l6jNBvreVPAHmpq9qhXQM7CXZPjLVmGMw9sy+hxQ3w=="],

    "@types/react-dom": ["@types/react-dom@19.2.4", "", { "peerDependencies": { "@types/react": "^19.2.0" } }, "sha512-Bsc+QHgp+P/F02XDzNCY9jnZNCUuLki36KT7VKrTXXLdHf+vHMNZnW1rVu5DNW/rCK+fya3DATySbLM4yhtKUw=="],

    "@types/whatwg-mimetype": ["@types/whatwg-mimetype@3.0.2", "", {}, "sha512-c2AKvDT8ToxLIOUlN51gTiHXflsfIFisS4pO7pDPoKouJCESkhZnEy623gwP9laCy5lnLDAw1vAzu2vM2YLOrA=="],

    "@types/ws": ["@types/ws@8.18.1", "", { "dependencies": { "@types/node": "*" } }, "sha512-ThVF6DCVhA8kUGy+aazFQ4kXQ7E1Ty7A3ypFOe0IcJV8O/M511G99AW24irKrW56Wt44yG9+ij8FaqoBGkuBXg=="],

    "ansi-regex": ["ansi-regex@5.0.1", "", {}, "sha512-quJQXlTSUGL2LH9SUXo8VwsY4soanhgo6LNSm84E1LBcE8s3O0wpdiRzyR9z/ZZJMlMWv37qOOb9pdJlMUEKFQ=="],

    "ansi-styles": ["ansi-styles@5.2.0", "", {}, "sha512-Cxwpt2SfTzTtXcfOlzGEee8O+c+MmUgGrNiBcXnuWxuFJHe6a5Hz7qwhwe5OgaSYI0IJvkLqWX1ASG+cJOkEiA=="],

    "aria-query": ["aria-query@5.3.0", "", { "dependencies": { "dequal": "^2.0.3" } }, "sha512-b0P0sZPKtyu8HkeRAfCq0IfURZK+SuwMjY1UXGBU27wpAiTwQAIlq56IbIO+ytk/JjS1fMR14ee5WBBfKi5J6A=="],

    "buffer-image-size": ["buffer-image-size@0.6.4", "", { "dependencies": { "@types/node": "*" } }, "sha512-nEh+kZOPY1w+gcCMobZ6ETUp9WfibndnosbpwB1iJk/8Gt5ZF2bhS6+B6bPYz424KtwsR6Rflc3tCz1/ghX2dQ=="],

    "bun-types": ["bun-types@1.3.14", "", { "dependencies": { "@types/node": "*" } }, "sha512-4N0ig0fEomHt5R0KCFWjovxow98rIoRwKolrYdCcknNwMekCXRnWEUvgu5soYV8QXtVsrUD8B95MBOZGPvr6KQ=="],

    "clsx": ["clsx@2.1.1", "", {}, "sha512-eYm0QWBtUrBWZWG0d386OGAw16Z995PiOVo2B7bjWSbHedGl5e0ZWaq65kOGgUSNesEIDkB9ISbTg/JK9dhCZA=="],

    "copy-anything": ["copy-anything@4.0.5", "", { "dependencies": { "is-what": "^5.2.0" } }, "sha512-7Vv6asjS4gMOuILabD3l739tsaxFQmC+a7pLZm02zyvs8p977bL3zEgq3yDk5rn9B0PbYgIv++jmHcuUab4RhA=="],

    "css.escape": ["css.escape@1.5.1", "", {}, "sha512-YUifsXXuknHlUsmlgyY0PKzgPOr7/FjCePfHNt0jxm83wHZi44VDMQ7/fGNkjY3/jV1MC+1CmZbaHzugyeRtpg=="],

    "csstype": ["csstype@3.2.3", "", {}, "sha512-z1HGKcYy2xA8AGQfwrn0PAy+PB7X/GSj3UVJW9qKyn43xWa+gl5nXmU4qqLMRzWVLFC8KusUX8T/0kCiOYpAIQ=="],

    "dayjs": ["dayjs@1.11.21", "", {}, "sha512-98IT+HOahAisibz/yjKbzuOBwYcjJ7BCLPzARyHiyEBmRz4fatF+KPJszEHXsGYjUG234aH/cOjW1wwTbKUZlA=="],

    "dequal": ["dequal@2.0.3", "", {}, "sha512-0je+qPKHEMohvfRTCEo3CrPG6cAzAYgmzKyxRiYSSDkS6eGJdyVJm7WaYA5ECaAD9wLB2T4EEeymA5aFVcYXCA=="],

    "dom-accessibility-api": ["dom-accessibility-api@0.6.3", "", {}, "sha512-7ZgogeTnjuHbo+ct10G9Ffp0mif17idi0IyWNVA/wcwcm7NPOD/WEHVP3n7n3MhXqxoIYm8d6MuZohYWIZ4T3w=="],

    "entities": ["entities@7.0.1", "", {}, "sha512-TWrgLOFUQTH994YUyl1yT4uyavY5nNB5muff+RtWaqNVCAK408b5ZnnbNAUEWLTCpum9w6arT70i1XdQ4UeOPA=="],

    "fake-indexeddb": ["fake-indexeddb@6.2.5", "", {}, "sha512-CGnyrvbhPlWYMngksqrSSUT1BAVP49dZocrHuK0SvtR0D5TMs5wP0o3j7jexDJW01KSadjBp1M/71o/KR3nD1w=="],

    "fast-equals": ["fast-equals@6.0.2", "", {}, "sha512-sAjhj9ZhOxYCGiNMnZLaucOqf5ZeFnHNoKoAZiD9thhJ0N8RP85qJK759/97C/3L7NzzmGVB5uiX9AUpySZmUQ=="],

    "goober": ["goober@2.1.19", "", { "peerDependencies": { "csstype": "^3.0.10" } }, "sha512-U7veizMqxyKlM58+Z5j2ngJBH/r9siDmxpvNxSw0PylF6WQvrASJEZrxh1hidRBJc2jqoBVSyOban5u8m+6Rxg=="],

    "happy-dom": ["happy-dom@20.11.1", "", { "dependencies": { "@types/node": ">=20.0.0", "@types/whatwg-mimetype": "^3.0.2", "@types/ws": "^8.18.1", "buffer-image-size": "^0.6.4", "entities": "^7.0.1", "whatwg-mimetype": "^3.0.0", "ws": "^8.21.0" } }, "sha512-XSt8tMzbW9ymE7687xztkO1ckR7qJNQ3LywY9vlYGhGi3zXrGBHuUo2Cl1ztZaICW+1eAGdkLbj6iwVqDT33kg=="],

    "indent-string": ["indent-string@4.0.0", "", {}, "sha512-EdDDZu4A2OyIK7Lr/2zG+w5jmbuk1DVBnEwREQvBzspBJkCEbRa8GxU1lghYcaGJCnRWibjDXlq779X1/y5xwg=="],

    "is-what": ["is-what@5.5.0", "", {}, "sha512-oG7cgbmg5kLYae2N5IVd3jm2s+vldjxJzK1pcu9LfpGuQ93MQSzo0okvRna+7y5ifrD+20FE8FvjusyGaz14fw=="],

    "js-tokens": ["js-tokens@4.0.0", "", {}, "sha512-RdJUflcE3cUzKiMqQgsCu06FPu9UdIJO0beYbPhHN4k6apgJtifcoCtT9bcxOpYBtpD2kCM6Sbzg4CausW/PKQ=="],

    "lucide-react": ["lucide-react@1.28.0", "", { "peerDependencies": { "react": "^16.5.1 || ^17.0.0 || ^18.0.0 || ^19.0.0" } }, "sha512-fARAFJULsGuDDydjp6+6blekG/sBIM29TerzLjc9bQUKAcEfrSc4ZQKb25KRz4OMKd87cZTb5dgq0w/T6KufVg=="],

    "lz-string": ["lz-string@1.5.0", "", { "bin": { "lz-string": "bin/bin.js" } }, "sha512-h5bgJWpxJNswbU7qCrV0tIKQCaS3blPDrqKWx+QxzuzL1zGUzij9XCWLrSLsJPu5t+eWA/ycetzYAO5IOMcWAQ=="],

    "min-indent": ["min-indent@1.0.1", "", {}, "sha512-I9jwMn07Sy/IwOj3zVkVik2JTvgpaykDZEigL6Rx6N9LbMywwUSMtxET+7lVoDLLd3O3IXwJwvuuns8UB/HeAg=="],

    "nusm": ["nusm@file:../src", { "dependencies": { "@fastify/deepmerge": "^3.2.1", "@tanstack/devtools-event-client": "^0.5.0", "@tanstack/pacer": "^0.21.1", "@tanstack/store": "^0.11.0", "fast-equals": "^6.0.2", "superjson": "^2.2.6" }, "peerDependencies": { "@tanstack/devtools": "^0.12.5", "@tanstack/devtools-utils": "^0.6.0", "lucide-react": ">=0.468.0", "react": ">=18.0.0", "react-dom": ">=18.0.0" }, "optionalPeers": ["@tanstack/devtools", "@tanstack/devtools-utils", "lucide-react", "react", "react-dom"] }],

    "picocolors": ["picocolors@1.1.1", "", {}, "sha512-xceH2snhtb5M9liqDsmEw56le376mTZkEX/jEb/RxNFyegNul7eNslCXP9FDj/Lcu0X8KEyMceP2ntpaHrDEVA=="],

    "pretty-format": ["pretty-format@27.5.1", "", { "dependencies": { "ansi-regex": "^5.0.1", "ansi-styles": "^5.0.0", "react-is": "^17.0.1" } }, "sha512-Qb1gy5OrP5+zDf2Bvnzdl3jsTf1qXVMazbvCoKhtKqVs4/YK4ozX4gKQJJVyNe+cajNPn0KoC0MC3FUmaHWEmQ=="],

    "react": ["react@19.2.8", "", {}, "sha512-PWaYA1L/q9u2u7xYQi+Y3L3Yfnie7XyLeaJICV1MGD6LprsBxcAqGjYyr0eY3p+QdsA+x/Irkt4Qif8D63+Sbw=="],

    "react-dom": ["react-dom@19.2.8", "", { "dependencies": { "scheduler": "^0.27.0" }, "peerDependencies": { "react": "^19.2.8" } }, "sha512-rVprimfGBG3DR+Tq0IQG2DT5PxKth1WIGDmj5yPmlzr4YBe7uyE+Du4oVqTDXZSHGGGXRtTJEGSSePyQCMBglQ=="],

    "react-is": ["react-is@17.0.2", "", {}, "sha512-w2GsyukL62IJnlaff/nRegPQR94C/XXamvMWmSHRJ4y7Ts/4ocGRmTHvOs8PSE6pB3dWOrD/nueuU5sduBsQ4w=="],

    "redent": ["redent@3.0.0", "", { "dependencies": { "indent-string": "^4.0.0", "strip-indent": "^3.0.0" } }, "sha512-6tDA8g98We0zd0GvVeMT9arEOnTw9qM03L9cJXaCjrip1OO764RDBLBfrB4cwzNGDj5OA5ioymC9GkizgWJDUg=="],

    "scheduler": ["scheduler@0.27.0", "", {}, "sha512-eNv+WrVbKu1f3vbYJT/xtiF5syA5HPIMtf9IgY/nKg0sWqzAUEvqY/xm7OcZc/qafLx/iO9FgOmeSAp4v5ti/Q=="],

    "seroval": ["seroval@1.5.5", "", {}, "sha512-bSjOuPcwPKLSJNhr9+bZxA20nQxVle5J5MNsYRVE6cIg7KpRLXGupymePavu0jrxlPiPsr4xGZSB8yUY2sH2sw=="],

    "seroval-plugins": ["seroval-plugins@1.5.5", "", { "peerDependencies": { "seroval": "^1.0" } }, "sha512-+BDhqYM6CEn3x09v44dpa9p6974FuUB2dxk+Ctn04k0cO1Zt6QODTXfmEZK0eBaTe/fJBvP4NMGuNJ+R8T+QMg=="],

    "solid-js": ["solid-js@1.9.14", "", { "dependencies": { "csstype": "^3.1.0", "seroval": "~1.5.4", "seroval-plugins": "~1.5.4" } }, "sha512-sAEXC0Kk0S1EDg+8ysEWJDbYhA3RRoEjwuySUGlKIemeo0I5YZfOyumNjNs9Sv3y2nmhD+0rW66ag2HsMuQiGQ=="],

    "strip-indent": ["strip-indent@3.0.0", "", { "dependencies": { "min-indent": "^1.0.0" } }, "sha512-laJTa3Jb+VQpaC6DseHhF7dXVqHTfJPCRDaEbid/drOhgitgYku/letMUqOXFoWV0zIIUbjpdH2t+tYj4bQMRQ=="],

    "superjson": ["superjson@2.2.6", "", { "dependencies": { "copy-anything": "^4" } }, "sha512-H+ue8Zo4vJmV2nRjpx86P35lzwDT3nItnIsocgumgr0hHMQ+ZGq5vrERg9kJBo5AWGmxZDhzDo+WVIJqkB0cGA=="],

    "undici-types": ["undici-types@8.3.0", "", {}, "sha512-j375ScV60dom+YkPFIfTLcOiPxkN/buHz5GobjLhixFuANaNs3C9l4GmrWqejgXWJ7BbJcFYpTEUkS1Ge8bpZQ=="],

    "whatwg-mimetype": ["whatwg-mimetype@3.0.0", "", {}, "sha512-nt+N2dzIutVRxARx1nghPKGv1xHikU7HKdfafKkLNLindmPU/ch3U31NOCGGA/dmPcmb1VlofO0vnKAcsm0o/Q=="],

    "ws": ["ws@8.21.1", "", { "peerDependencies": { "bufferutil": "^4.0.1", "utf-8-validate": ">=5.0.2" }, "optionalPeers": ["bufferutil", "utf-8-validate"] }, "sha512-+0NTnW77fFN/DjQi6k/Sq/Yvk4Sgajw7urW8V+asjXnRgDs9gyGkdb7EzgfhA4goXsRIZKE28fzIXBHEzhuiWw=="],

    "@tanstack/pacer/@tanstack/devtools-event-client": ["@tanstack/devtools-event-client@0.4.4", "", { "bin": { "intent": "./bin/intent.js" } }, "sha512-6T5Yop/793YI+H+5J8Hsyj4kCih9sl4t3ElLgKioW5hk3ocn+ZdSJ94tT7vL7uabxSugWYBZlOTMPzEw2puvQw=="],

    "@testing-library/dom/dom-accessibility-api": ["dom-accessibility-api@0.5.16", "", {}, "sha512-X7BJ2yElsnOJ30pZF4uIIDfBEVgF4XEBxL9Bxhy6dnrm5hkzqmsWHGTiHqRiITNhMyFLyAiWndIJP7Z1NTteDg=="],
  }
}
